
Microsoft Visual Studio Solution File, Format Version 12.00
# Visual Studio Version 17
VisualStudioVersion = 17.7.34031.279
MinimumVisualStudioVersion = 10.0.40219.1
Project("{FAE04EC0-301F-11D3-BF4B-00C04F79EFBC}") = "Fiap.Api.Donation", "Fiap.Api.Donation.csproj", "{D422BCFB-1FA8-4254-B687-CC40135984D2}"
EndProject
Global
	GlobalSection(SolutionConfigurationPlatforms) = preSolution
		Debug|Any CPU = Debug|Any CPU
		Release|Any CPU = Release|Any CPU
	EndGlobalSection
	GlobalSection(ProjectConfigurationPlatforms) = postSolution
		{D422BCFB-1FA8-4254-B687-CC40135984D2}.Debug|Any CPU.ActiveCfg = Debug|Any CPU
		{D422BCFB-1FA8-4254-B687-CC40135984D2}.Debug|Any CPU.Build.0 = Debug|Any CPU
		{D422BCFB-1FA8-4254-B687-CC40135984D2}.Release|Any CPU.ActiveCfg = Release|Any CPU
		{D422BCFB-1FA8-4254-B687-CC40135984D2}.Release|Any CPU.Build.0 = Release|Any CPU
	EndGlobalSection
	GlobalSection(SolutionProperties) = preSolution
		HideSolutionNode = FALSE
	EndGlobalSection
	GlobalSection(ExtensibilityGlobals) = postSolution
		SolutionGuid = {97ADD73C-5EA7-4554-AFD4-CE782356BDD5}
	EndGlobalSection
EndGlobal
